
Microsoft Visual Studio Solution File, Format Version 12.00
# Visual Studio Version 17
VisualStudioVersion = 17.10.35201.131
MinimumVisualStudioVersion = 10.0.40219.1
Project("{FAE04EC0-301F-11D3-BF4B-00C04F79EFBC}") = "SqlDers", "SqlDers.csproj", "{45A2516F-C31B-4B5B-8B6E-D04A1595B090}"
EndProject
Global
	GlobalSection(SolutionConfigurationPlatforms) = preSolution
		Debug|Any CPU = Debug|Any CPU
		Release|Any CPU = Release|Any CPU
	EndGlobalSection
	GlobalSection(ProjectConfigurationPlatforms) = postSolution
		{45A2516F-C31B-4B5B-8B6E-D04A1595B090}.Debug|Any CPU.ActiveCfg = Debug|Any CPU
		{45A2516F-C31B-4B5B-8B6E-D04A1595B090}.Debug|Any CPU.Build.0 = Debug|Any CPU
		{45A2516F-C31B-4B5B-8B6E-D04A1595B090}.Release|Any CPU.ActiveCfg = Release|Any CPU
		{45A2516F-C31B-4B5B-8B6E-D04A1595B090}.Release|Any CPU.Build.0 = Release|Any CPU
	EndGlobalSection
	GlobalSection(SolutionProperties) = preSolution
		HideSolutionNode = FALSE
	EndGlobalSection
	GlobalSection(ExtensibilityGlobals) = postSolution
		SolutionGuid = {2246AE87-0185-4BE2-96C7-377385BCF3C3}
	EndGlobalSection
EndGlobal
